// !$*UTF8*$!
{
	archiveVersion = 1;
	classes = {
	};
	objectVersion = 50;
	objects = {

/* Begin PBXBuildFile section */
		810356AF26CBE1DC00370CB7 /* ActivityEditView.swift in Sources */ = {isa = PBXBuildFile; fileRef = 810356AE26CBE1DC00370CB7 /* ActivityEditView.swift */; };
		810356B026CBE1DC00370CB7 /* ActivityEditView.swift in Sources */ = {isa = PBXBuildFile; fileRef = 810356AE26CBE1DC00370CB7 /* ActivityEditView.swift */; };
		810356B226CBE23600370CB7 /* ActivityViewModel.swift in Sources */ = {isa = PBXBuildFile; fileRef = 810356B126CBE23600370CB7 /* ActivityViewModel.swift */; };
		810356B326CBE23600370CB7 /* ActivityViewModel.swift in Sources */ = {isa = PBXBuildFile; fileRef = 810356B126CBE23600370CB7 /* ActivityViewModel.swift */; };
		810356B526CBE40700370CB7 /* FormTextField.swift in Sources */ = {isa = PBXBuildFile; fileRef = 810356B426CBE40700370CB7 /* FormTextField.swift */; };
		810356B826CCCA7E00370CB7 /* ActivitySpinnerView.swift in Sources */ = {isa = PBXBuildFile; fileRef = 810356B726CCCA7E00370CB7 /* ActivitySpinnerView.swift */; };
		810356B926CCCA7E00370CB7 /* ActivitySpinnerView.swift in Sources */ = {isa = PBXBuildFile; fileRef = 810356B726CCCA7E00370CB7 /* ActivitySpinnerView.swift */; };
		810356BB26CCCFD800370CB7 /* TimerView.swift in Sources */ = {isa = PBXBuildFile; fileRef = 810356BA26CCCFD800370CB7 /* TimerView.swift */; };
		810356BC26CCCFD800370CB7 /* TimerView.swift in Sources */ = {isa = PBXBuildFile; fileRef = 810356BA26CCCFD800370CB7 /* TimerView.swift */; };
		810356BE26CD239400370CB7 /* FormTextField.swift in Sources */ = {isa = PBXBuildFile; fileRef = 810356BD26CD239400370CB7 /* FormTextField.swift */; };
		81353A6C26C7C18300C1D804 /* PetService.swift in Sources */ = {isa = PBXBuildFile; fileRef = 81353A6B26C7C18300C1D804 /* PetService.swift */; };
		81353A6D26C7C18300C1D804 /* PetService.swift in Sources */ = {isa = PBXBuildFile; fileRef = 81353A6B26C7C18300C1D804 /* PetService.swift */; };
		81353A6F26C7C1A900C1D804 /* BaseService.swift in Sources */ = {isa = PBXBuildFile; fileRef = 81353A6E26C7C1A800C1D804 /* BaseService.swift */; };
		81353A7026C7C1A900C1D804 /* BaseService.swift in Sources */ = {isa = PBXBuildFile; fileRef = 81353A6E26C7C1A800C1D804 /* BaseService.swift */; };
		81353A7326C7C37900C1D804 /* PetSheetView.swift in Sources */ = {isa = PBXBuildFile; fileRef = 81353A7226C7C37900C1D804 /* PetSheetView.swift */; };
		81353A7426C7C37900C1D804 /* PetSheetView.swift in Sources */ = {isa = PBXBuildFile; fileRef = 81353A7226C7C37900C1D804 /* PetSheetView.swift */; };
		81353A7826C7F4D300C1D804 /* LabelledFormView.swift in Sources */ = {isa = PBXBuildFile; fileRef = 81353A7726C7F4D300C1D804 /* LabelledFormView.swift */; };
		81353A7926C7F4D300C1D804 /* LabelledFormView.swift in Sources */ = {isa = PBXBuildFile; fileRef = 81353A7726C7F4D300C1D804 /* LabelledFormView.swift */; };
		81353A7B26C7F65400C1D804 /* PetViewModel.swift in Sources */ = {isa = PBXBuildFile; fileRef = 81353A7A26C7F65400C1D804 /* PetViewModel.swift */; };
		81353A7C26C7F65400C1D804 /* PetViewModel.swift in Sources */ = {isa = PBXBuildFile; fileRef = 81353A7A26C7F65400C1D804 /* PetViewModel.swift */; };
		8144717B26C8DB5100CCFA99 /* PetActivityView.swift in Sources */ = {isa = PBXBuildFile; fileRef = 8144717A26C8DB5100CCFA99 /* PetActivityView.swift */; };
		8144717C26C8DB5100CCFA99 /* PetActivityView.swift in Sources */ = {isa = PBXBuildFile; fileRef = 8144717A26C8DB5100CCFA99 /* PetActivityView.swift */; };
		8173894E26C40E32003A6722 /* PuppySleepTracker.xcdatamodeld in Sources */ = {isa = PBXBuildFile; fileRef = 8173893826C40E30003A6722 /* PuppySleepTracker.xcdatamodeld */; };
		8173894F26C40E32003A6722 /* PuppySleepTracker.xcdatamodeld in Sources */ = {isa = PBXBuildFile; fileRef = 8173893826C40E30003A6722 /* PuppySleepTracker.xcdatamodeld */; };
		8173895026C40E32003A6722 /* PuppySleepTrackerApp.swift in Sources */ = {isa = PBXBuildFile; fileRef = 8173893A26C40E30003A6722 /* PuppySleepTrackerApp.swift */; };
		8173895126C40E32003A6722 /* PuppySleepTrackerApp.swift in Sources */ = {isa = PBXBuildFile; fileRef = 8173893A26C40E30003A6722 /* PuppySleepTrackerApp.swift */; };
		8173895226C40E32003A6722 /* ContentView.swift in Sources */ = {isa = PBXBuildFile; fileRef = 8173893B26C40E30003A6722 /* ContentView.swift */; };
		8173895326C40E32003A6722 /* ContentView.swift in Sources */ = {isa = PBXBuildFile; fileRef = 8173893B26C40E30003A6722 /* ContentView.swift */; };
		8173895426C40E32003A6722 /* Persistence.swift in Sources */ = {isa = PBXBuildFile; fileRef = 8173893C26C40E30003A6722 /* Persistence.swift */; };
		8173895526C40E32003A6722 /* Persistence.swift in Sources */ = {isa = PBXBuildFile; fileRef = 8173893C26C40E30003A6722 /* Persistence.swift */; };
		8173895626C40E32003A6722 /* Assets.xcassets in Resources */ = {isa = PBXBuildFile; fileRef = 8173893D26C40E32003A6722 /* Assets.xcassets */; };
		8173895726C40E32003A6722 /* Assets.xcassets in Resources */ = {isa = PBXBuildFile; fileRef = 8173893D26C40E32003A6722 /* Assets.xcassets */; };
		8173897226C40F5B003A6722 /* Pet+CoreDataClass.swift in Sources */ = {isa = PBXBuildFile; fileRef = 8173896E26C40F5B003A6722 /* Pet+CoreDataClass.swift */; };
		8173897326C40F5B003A6722 /* Pet+CoreDataClass.swift in Sources */ = {isa = PBXBuildFile; fileRef = 8173896E26C40F5B003A6722 /* Pet+CoreDataClass.swift */; };
		8173897426C40F5B003A6722 /* Activity+CoreDataClass.swift in Sources */ = {isa = PBXBuildFile; fileRef = 8173896F26C40F5B003A6722 /* Activity+CoreDataClass.swift */; };
		8173897526C40F5B003A6722 /* Activity+CoreDataClass.swift in Sources */ = {isa = PBXBuildFile; fileRef = 8173896F26C40F5B003A6722 /* Activity+CoreDataClass.swift */; };
		8173897626C40F5B003A6722 /* Activity+CoreDataProperties.swift in Sources */ = {isa = PBXBuildFile; fileRef = 8173897026C40F5B003A6722 /* Activity+CoreDataProperties.swift */; };
		8173897726C40F5B003A6722 /* Activity+CoreDataProperties.swift in Sources */ = {isa = PBXBuildFile; fileRef = 8173897026C40F5B003A6722 /* Activity+CoreDataProperties.swift */; };
		8173897B26C411D6003A6722 /* Pet+CoreDataProperties.swift in Sources */ = {isa = PBXBuildFile; fileRef = 8173897A26C411D6003A6722 /* Pet+CoreDataProperties.swift */; };
		8173897C26C411D6003A6722 /* Pet+CoreDataProperties.swift in Sources */ = {isa = PBXBuildFile; fileRef = 8173897A26C411D6003A6722 /* Pet+CoreDataProperties.swift */; };
		81D6A85026C90563002E238B /* ActivityService.swift in Sources */ = {isa = PBXBuildFile; fileRef = 81D6A84F26C90563002E238B /* ActivityService.swift */; };
		81D6A85126C90563002E238B /* ActivityService.swift in Sources */ = {isa = PBXBuildFile; fileRef = 81D6A84F26C90563002E238B /* ActivityService.swift */; };
		81D6A85426C91080002E238B /* ActivityRow.swift in Sources */ = {isa = PBXBuildFile; fileRef = 81D6A85326C91080002E238B /* ActivityRow.swift */; };
		81D6A85526C91080002E238B /* ActivityRow.swift in Sources */ = {isa = PBXBuildFile; fileRef = 81D6A85326C91080002E238B /* ActivityRow.swift */; };
		81D6A85E26CAC5D4002E238B /* RoundedButton.swift in Sources */ = {isa = PBXBuildFile; fileRef = 81D6A85D26CAC5D4002E238B /* RoundedButton.swift */; };
		81D6A85F26CAC5D4002E238B /* RoundedButton.swift in Sources */ = {isa = PBXBuildFile; fileRef = 81D6A85D26CAC5D4002E238B /* RoundedButton.swift */; };
/* End PBXBuildFile section */

/* Begin PBXFileReference section */
		810356AE26CBE1DC00370CB7 /* ActivityEditView.swift */ = {isa = PBXFileReference; lastKnownFileType = sourcecode.swift; path = ActivityEditView.swift; sourceTree = "<group>"; };
		810356B126CBE23600370CB7 /* ActivityViewModel.swift */ = {isa = PBXFileReference; lastKnownFileType = sourcecode.swift; path = ActivityViewModel.swift; sourceTree = "<group>"; };
		810356B426CBE40700370CB7 /* FormTextField.swift */ = {isa = PBXFileReference; lastKnownFileType = sourcecode.swift; path = FormTextField.swift; sourceTree = "<group>"; };
		810356B726CCCA7E00370CB7 /* ActivitySpinnerView.swift */ = {isa = PBXFileReference; lastKnownFileType = sourcecode.swift; path = ActivitySpinnerView.swift; sourceTree = "<group>"; };
		810356BA26CCCFD800370CB7 /* TimerView.swift */ = {isa = PBXFileReference; lastKnownFileType = sourcecode.swift; path = TimerView.swift; sourceTree = "<group>"; };
		810356BD26CD239400370CB7 /* FormTextField.swift */ = {isa = PBXFileReference; lastKnownFileType = sourcecode.swift; path = FormTextField.swift; sourceTree = "<group>"; };
		81353A6B26C7C18300C1D804 /* PetService.swift */ = {isa = PBXFileReference; lastKnownFileType = sourcecode.swift; path = PetService.swift; sourceTree = "<group>"; };
		81353A6E26C7C1A800C1D804 /* BaseService.swift */ = {isa = PBXFileReference; lastKnownFileType = sourcecode.swift; path = BaseService.swift; sourceTree = "<group>"; };
		81353A7226C7C37900C1D804 /* PetSheetView.swift */ = {isa = PBXFileReference; lastKnownFileType = sourcecode.swift; path = PetSheetView.swift; sourceTree = "<group>"; };
		81353A7726C7F4D300C1D804 /* LabelledFormView.swift */ = {isa = PBXFileReference; lastKnownFileType = sourcecode.swift; path = LabelledFormView.swift; sourceTree = "<group>"; };
		81353A7A26C7F65400C1D804 /* PetViewModel.swift */ = {isa = PBXFileReference; lastKnownFileType = sourcecode.swift; path = PetViewModel.swift; sourceTree = "<group>"; };
		8144717A26C8DB5100CCFA99 /* PetActivityView.swift */ = {isa = PBXFileReference; lastKnownFileType = sourcecode.swift; path = PetActivityView.swift; sourceTree = "<group>"; };
		8173893926C40E30003A6722 /* Shared.xcdatamodel */ = {isa = PBXFileReference; lastKnownFileType = wrapper.xcdatamodel; path = Shared.xcdatamodel; sourceTree = "<group>"; };
		8173893A26C40E30003A6722 /* PuppySleepTrackerApp.swift */ = {isa = PBXFileReference; lastKnownFileType = sourcecode.swift; path = PuppySleepTrackerApp.swift; sourceTree = "<group>"; };
		8173893B26C40E30003A6722 /* ContentView.swift */ = {isa = PBXFileReference; lastKnownFileType = sourcecode.swift; path = ContentView.swift; sourceTree = "<group>"; };
		8173893C26C40E30003A6722 /* Persistence.swift */ = {isa = PBXFileReference; lastKnownFileType = sourcecode.swift; path = Persistence.swift; sourceTree = "<group>"; };
		8173893D26C40E32003A6722 /* Assets.xcassets */ = {isa = PBXFileReference; lastKnownFileType = folder.assetcatalog; path = Assets.xcassets; sourceTree = "<group>"; };
		8173894226C40E32003A6722 /* PuppySleepTracker.app */ = {isa = PBXFileReference; explicitFileType = wrapper.application; includeInIndex = 0; path = PuppySleepTracker.app; sourceTree = BUILT_PRODUCTS_DIR; };
		8173894526C40E32003A6722 /* Info.plist */ = {isa = PBXFileReference; lastKnownFileType = text.plist.xml; path = Info.plist; sourceTree = "<group>"; };
		8173894A26C40E32003A6722 /* PuppySleepTracker.app */ = {isa = PBXFileReference; explicitFileType = wrapper.application; includeInIndex = 0; path = PuppySleepTracker.app; sourceTree = BUILT_PRODUCTS_DIR; };
		8173894C26C40E32003A6722 /* Info.plist */ = {isa = PBXFileReference; lastKnownFileType = text.plist.xml; path = Info.plist; sourceTree = "<group>"; };
		8173894D26C40E32003A6722 /* macOS.entitlements */ = {isa = PBXFileReference; lastKnownFileType = text.plist.entitlements; path = macOS.entitlements; sourceTree = "<group>"; };
		8173896E26C40F5B003A6722 /* Pet+CoreDataClass.swift */ = {isa = PBXFileReference; fileEncoding = 4; lastKnownFileType = sourcecode.swift; path = "Pet+CoreDataClass.swift"; sourceTree = "<group>"; };
		8173896F26C40F5B003A6722 /* Activity+CoreDataClass.swift */ = {isa = PBXFileReference; fileEncoding = 4; lastKnownFileType = sourcecode.swift; path = "Activity+CoreDataClass.swift"; sourceTree = "<group>"; };
		8173897026C40F5B003A6722 /* Activity+CoreDataProperties.swift */ = {isa = PBXFileReference; fileEncoding = 4; lastKnownFileType = sourcecode.swift; path = "Activity+CoreDataProperties.swift"; sourceTree = "<group>"; };
		8173897A26C411D6003A6722 /* Pet+CoreDataProperties.swift */ = {isa = PBXFileReference; lastKnownFileType = sourcecode.swift; path = "Pet+CoreDataProperties.swift"; sourceTree = "<group>"; };
		81D6A84F26C90563002E238B /* ActivityService.swift */ = {isa = PBXFileReference; lastKnownFileType = sourcecode.swift; path = ActivityService.swift; sourceTree = "<group>"; };
		81D6A85326C91080002E238B /* ActivityRow.swift */ = {isa = PBXFileReference; lastKnownFileType = sourcecode.swift; path = ActivityRow.swift; sourceTree = "<group>"; };
		81D6A85D26CAC5D4002E238B /* RoundedButton.swift */ = {isa = PBXFileReference; lastKnownFileType = sourcecode.swift; path = RoundedButton.swift; sourceTree = "<group>"; };
/* End PBXFileReference section */

/* Begin PBXFrameworksBuildPhase section */
		8173893F26C40E32003A6722 /* Frameworks */ = {
			isa = PBXFrameworksBuildPhase;
			buildActionMask = 2147483647;
			files = (
			);
			runOnlyForDeploymentPostprocessing = 0;
		};
		8173894726C40E32003A6722 /* Frameworks */ = {
			isa = PBXFrameworksBuildPhase;
			buildActionMask = 2147483647;
			files = (
			);
			runOnlyForDeploymentPostprocessing = 0;
		};
/* End PBXFrameworksBuildPhase section */

/* Begin PBXGroup section */
		81353A6926C7C14F00C1D804 /* Models */ = {
			isa = PBXGroup;
			children = (
				8173897A26C411D6003A6722 /* Pet+CoreDataProperties.swift */,
				8173896E26C40F5B003A6722 /* Pet+CoreDataClass.swift */,
				8173896F26C40F5B003A6722 /* Activity+CoreDataClass.swift */,
				8173897026C40F5B003A6722 /* Activity+CoreDataProperties.swift */,
			);
			path = Models;
			sourceTree = "<group>";
		};
		81353A6A26C7C17500C1D804 /* Services */ = {
			isa = PBXGroup;
			children = (
				81353A6B26C7C18300C1D804 /* PetService.swift */,
				81353A6E26C7C1A800C1D804 /* BaseService.swift */,
				81D6A84F26C90563002E238B /* ActivityService.swift */,
			);
			path = Services;
			sourceTree = "<group>";
		};
		81353A7126C7C36500C1D804 /* Views */ = {
			isa = PBXGroup;
			children = (
				81D6A85C26CAC5C2002E238B /* ViewModifiers */,
				81D6A85226C91074002E238B /* Activity */,
				81353A7626C7F4C600C1D804 /* ViewComponents */,
				81353A7226C7C37900C1D804 /* PetSheetView.swift */,
			);
			path = Views;
			sourceTree = "<group>";
		};
		81353A7526C7C68700C1D804 /* ViewModels */ = {
			isa = PBXGroup;
			children = (
				81353A7A26C7F65400C1D804 /* PetViewModel.swift */,
				810356B126CBE23600370CB7 /* ActivityViewModel.swift */,
			);
			path = ViewModels;
			sourceTree = "<group>";
		};
		81353A7626C7F4C600C1D804 /* ViewComponents */ = {
			isa = PBXGroup;
			children = (
				81353A7726C7F4D300C1D804 /* LabelledFormView.swift */,
				810356B426CBE40700370CB7 /* FormTextField.swift */,
				810356B726CCCA7E00370CB7 /* ActivitySpinnerView.swift */,
				810356BA26CCCFD800370CB7 /* TimerView.swift */,
			);
			path = ViewComponents;
			sourceTree = "<group>";
		};
		8173893226C40E30003A6722 = {
			isa = PBXGroup;
			children = (
				8173893726C40E30003A6722 /* Shared */,
				8173894426C40E32003A6722 /* iOS */,
				8173894B26C40E32003A6722 /* macOS */,
				8173894326C40E32003A6722 /* Products */,
			);
			sourceTree = "<group>";
		};
		8173893726C40E30003A6722 /* Shared */ = {
			isa = PBXGroup;
			children = (
				81353A7526C7C68700C1D804 /* ViewModels */,
				81353A7126C7C36500C1D804 /* Views */,
				8173896D26C40F5B003A6722 /* CoreData */,
				8173893A26C40E30003A6722 /* PuppySleepTrackerApp.swift */,
				8173893B26C40E30003A6722 /* ContentView.swift */,
				8173893C26C40E30003A6722 /* Persistence.swift */,
				8173893D26C40E32003A6722 /* Assets.xcassets */,
				8173893826C40E30003A6722 /* PuppySleepTracker.xcdatamodeld */,
			);
			path = Shared;
			sourceTree = "<group>";
		};
		8173894326C40E32003A6722 /* Products */ = {
			isa = PBXGroup;
			children = (
				8173894226C40E32003A6722 /* PuppySleepTracker.app */,
				8173894A26C40E32003A6722 /* PuppySleepTracker.app */,
			);
			name = Products;
			sourceTree = "<group>";
		};
		8173894426C40E32003A6722 /* iOS */ = {
			isa = PBXGroup;
			children = (
				8173894526C40E32003A6722 /* Info.plist */,
			);
			path = iOS;
			sourceTree = "<group>";
		};
		8173894B26C40E32003A6722 /* macOS */ = {
			isa = PBXGroup;
			children = (
				8173894C26C40E32003A6722 /* Info.plist */,
				8173894D26C40E32003A6722 /* macOS.entitlements */,
				810356BD26CD239400370CB7 /* FormTextField.swift */,
			);
			path = macOS;
			sourceTree = "<group>";
		};
		8173896D26C40F5B003A6722 /* CoreData */ = {
			isa = PBXGroup;
			children = (
				81353A6A26C7C17500C1D804 /* Services */,
				81353A6926C7C14F00C1D804 /* Models */,
			);
			path = CoreData;
			sourceTree = "<group>";
		};
		81D6A85226C91074002E238B /* Activity */ = {
			isa = PBXGroup;
			children = (
				81D6A85326C91080002E238B /* ActivityRow.swift */,
				8144717A26C8DB5100CCFA99 /* PetActivityView.swift */,
				810356AE26CBE1DC00370CB7 /* ActivityEditView.swift */,
			);
			path = Activity;
			sourceTree = "<group>";
		};
		81D6A85C26CAC5C2002E238B /* ViewModifiers */ = {
			isa = PBXGroup;
			children = (
				81D6A85D26CAC5D4002E238B /* RoundedButton.swift */,
			);
			path = ViewModifiers;
			sourceTree = "<group>";
		};
/* End PBXGroup section */

/* Begin PBXNativeTarget section */
		8173894126C40E32003A6722 /* PuppySleepTracker (iOS) */ = {
			isa = PBXNativeTarget;
			buildConfigurationList = 8173895A26C40E32003A6722 /* Build configuration list for PBXNativeTarget "PuppySleepTracker (iOS)" */;
			buildPhases = (
				8173893E26C40E32003A6722 /* Sources */,
				8173893F26C40E32003A6722 /* Frameworks */,
				8173894026C40E32003A6722 /* Resources */,
			);
			buildRules = (
			);
			dependencies = (
			);
			name = "PuppySleepTracker (iOS)";
			productName = "PuppySleepTracker (iOS)";
			productReference = 8173894226C40E32003A6722 /* PuppySleepTracker.app */;
			productType = "com.apple.product-type.application";
		};
		8173894926C40E32003A6722 /* PuppySleepTracker (macOS) */ = {
			isa = PBXNativeTarget;
			buildConfigurationList = 8173895D26C40E32003A6722 /* Build configuration list for PBXNativeTarget "PuppySleepTracker (macOS)" */;
			buildPhases = (
				8173894626C40E32003A6722 /* Sources */,
				8173894726C40E32003A6722 /* Frameworks */,
				8173894826C40E32003A6722 /* Resources */,
			);
			buildRules = (
			);
			dependencies = (
			);
			name = "PuppySleepTracker (macOS)";
			productName = "PuppySleepTracker (macOS)";
			productReference = 8173894A26C40E32003A6722 /* PuppySleepTracker.app */;
			productType = "com.apple.product-type.application";
		};
/* End PBXNativeTarget section */

/* Begin PBXProject section */
		8173893326C40E30003A6722 /* Project object */ = {
			isa = PBXProject;
			attributes = {
				LastSwiftUpdateCheck = 1250;
				LastUpgradeCheck = 1250;
				TargetAttributes = {
					8173894126C40E32003A6722 = {
						CreatedOnToolsVersion = 12.5.1;
					};
					8173894926C40E32003A6722 = {
						CreatedOnToolsVersion = 12.5.1;
					};
				};
			};
			buildConfigurationList = 8173893626C40E30003A6722 /* Build configuration list for PBXProject "PuppySleepTracker" */;
			compatibilityVersion = "Xcode 9.3";
			developmentRegion = en;
			hasScannedForEncodings = 0;
			knownRegions = (
				en,
				Base,
			);
			mainGroup = 8173893226C40E30003A6722;
			productRefGroup = 8173894326C40E32003A6722 /* Products */;
			projectDirPath = "";
			projectRoot = "";
			targets = (
				8173894126C40E32003A6722 /* PuppySleepTracker (iOS) */,
				8173894926C40E32003A6722 /* PuppySleepTracker (macOS) */,
			);
		};
/* End PBXProject section */

/* Begin PBXResourcesBuildPhase section */
		8173894026C40E32003A6722 /* Resources */ = {
			isa = PBXResourcesBuildPhase;
			buildActionMask = 2147483647;
			files = (
				8173895626C40E32003A6722 /* Assets.xcassets in Resources */,
			);
			runOnlyForDeploymentPostprocessing = 0;
		};
		8173894826C40E32003A6722 /* Resources */ = {
			isa = PBXResourcesBuildPhase;
			buildActionMask = 2147483647;
			files = (
				8173895726C40E32003A6722 /* Assets.xcassets in Resources */,
			);
			runOnlyForDeploymentPostprocessing = 0;
		};
/* End PBXResourcesBuildPhase section */

/* Begin PBXSourcesBuildPhase section */
		8173893E26C40E32003A6722 /* Sources */ = {
			isa = PBXSourcesBuildPhase;
			buildActionMask = 2147483647;
			files = (
				8173894E26C40E32003A6722 /* PuppySleepTracker.xcdatamodeld in Sources */,
				81D6A85426C91080002E238B /* ActivityRow.swift in Sources */,
				8173895426C40E32003A6722 /* Persistence.swift in Sources */,
				8173895026C40E32003A6722 /* PuppySleepTrackerApp.swift in Sources */,
				81353A7B26C7F65400C1D804 /* PetViewModel.swift in Sources */,
				81353A6C26C7C18300C1D804 /* PetService.swift in Sources */,
				810356BB26CCCFD800370CB7 /* TimerView.swift in Sources */,
				810356B826CCCA7E00370CB7 /* ActivitySpinnerView.swift in Sources */,
				8173897426C40F5B003A6722 /* Activity+CoreDataClass.swift in Sources */,
				810356AF26CBE1DC00370CB7 /* ActivityEditView.swift in Sources */,
				8173897626C40F5B003A6722 /* Activity+CoreDataProperties.swift in Sources */,
				81D6A85E26CAC5D4002E238B /* RoundedButton.swift in Sources */,
				810356B226CBE23600370CB7 /* ActivityViewModel.swift in Sources */,
				810356B526CBE40700370CB7 /* FormTextField.swift in Sources */,
				81353A7326C7C37900C1D804 /* PetSheetView.swift in Sources */,
				8173895226C40E32003A6722 /* ContentView.swift in Sources */,
				8144717B26C8DB5100CCFA99 /* PetActivityView.swift in Sources */,
				81D6A85026C90563002E238B /* ActivityService.swift in Sources */,
				8173897226C40F5B003A6722 /* Pet+CoreDataClass.swift in Sources */,
				81353A7826C7F4D300C1D804 /* LabelledFormView.swift in Sources */,
				81353A6F26C7C1A900C1D804 /* BaseService.swift in Sources */,
				8173897B26C411D6003A6722 /* Pet+CoreDataProperties.swift in Sources */,
			);
			runOnlyForDeploymentPostprocessing = 0;
		};
		8173894626C40E32003A6722 /* Sources */ = {
			isa = PBXSourcesBuildPhase;
			buildActionMask = 2147483647;
			files = (
				8173894F26C40E32003A6722 /* PuppySleepTracker.xcdatamodeld in Sources */,
				81D6A85526C91080002E238B /* ActivityRow.swift in Sources */,
				8173895526C40E32003A6722 /* Persistence.swift in Sources */,
				8173895126C40E32003A6722 /* PuppySleepTrackerApp.swift in Sources */,
				81353A7C26C7F65400C1D804 /* PetViewModel.swift in Sources */,
				81353A6D26C7C18300C1D804 /* PetService.swift in Sources */,
				810356BC26CCCFD800370CB7 /* TimerView.swift in Sources */,
				810356B926CCCA7E00370CB7 /* ActivitySpinnerView.swift in Sources */,
				8173897526C40F5B003A6722 /* Activity+CoreDataClass.swift in Sources */,
				810356B026CBE1DC00370CB7 /* ActivityEditView.swift in Sources */,
				8173897726C40F5B003A6722 /* Activity+CoreDataProperties.swift in Sources */,
				81D6A85F26CAC5D4002E238B /* RoundedButton.swift in Sources */,
				810356B326CBE23600370CB7 /* ActivityViewModel.swift in Sources */,
				81353A7426C7C37900C1D804 /* PetSheetView.swift in Sources */,
				8173895326C40E32003A6722 /* ContentView.swift in Sources */,
				8144717C26C8DB5100CCFA99 /* PetActivityView.swift in Sources */,
				81D6A85126C90563002E238B /* ActivityService.swift in Sources */,
				8173897326C40F5B003A6722 /* Pet+CoreDataClass.swift in Sources */,
				81353A7926C7F4D300C1D804 /* LabelledFormView.swift in Sources */,
				81353A7026C7C1A900C1D804 /* BaseService.swift in Sources */,
				8173897C26C411D6003A6722 /* Pet+CoreDataProperties.swift in Sources */,
				810356BE26CD239400370CB7 /* FormTextField.swift in Sources */,
			);
			runOnlyForDeploymentPostprocessing = 0;
		};
/* End PBXSourcesBuildPhase section */

/* Begin XCBuildConfiguration section */
		8173895826C40E32003A6722 /* Debug */ = {
			isa = XCBuildConfiguration;
			buildSettings = {
				ALWAYS_SEARCH_USER_PATHS = NO;
				CLANG_ANALYZER_NONNULL = YES;
				CLANG_ANALYZER_NUMBER_OBJECT_CONVERSION = YES_AGGRESSIVE;
				CLANG_CXX_LANGUAGE_STANDARD = "gnu++14";
				CLANG_CXX_LIBRARY = "libc++";
				CLANG_ENABLE_MODULES = YES;
				CLANG_ENABLE_OBJC_ARC = YES;
				CLANG_ENABLE_OBJC_WEAK = YES;
				CLANG_WARN_BLOCK_CAPTURE_AUTORELEASING = YES;
				CLANG_WARN_BOOL_CONVERSION = YES;
				CLANG_WARN_COMMA = YES;
				CLANG_WARN_CONSTANT_CONVERSION = YES;
				CLANG_WARN_DEPRECATED_OBJC_IMPLEMENTATIONS = YES;
				CLANG_WARN_DIRECT_OBJC_ISA_USAGE = YES_ERROR;
				CLANG_WARN_DOCUMENTATION_COMMENTS = YES;
				CLANG_WARN_EMPTY_BODY = YES;
				CLANG_WARN_ENUM_CONVERSION = YES;
				CLANG_WARN_INFINITE_RECURSION = YES;
				CLANG_WARN_INT_CONVERSION = YES;
				CLANG_WARN_NON_LITERAL_NULL_CONVERSION = YES;
				CLANG_WARN_OBJC_IMPLICIT_RETAIN_SELF = YES;
				CLANG_WARN_OBJC_LITERAL_CONVERSION = YES;
				CLANG_WARN_OBJC_ROOT_CLASS = YES_ERROR;
				CLANG_WARN_QUOTED_INCLUDE_IN_FRAMEWORK_HEADER = YES;
				CLANG_WARN_RANGE_LOOP_ANALYSIS = YES;
				CLANG_WARN_STRICT_PROTOTYPES = YES;
				CLANG_WARN_SUSPICIOUS_MOVE = YES;
				CLANG_WARN_UNGUARDED_AVAILABILITY = YES_AGGRESSIVE;
				CLANG_WARN_UNREACHABLE_CODE = YES;
				CLANG_WARN__DUPLICATE_METHOD_MATCH = YES;
				COPY_PHASE_STRIP = NO;
				DEBUG_INFORMATION_FORMAT = dwarf;
				ENABLE_STRICT_OBJC_MSGSEND = YES;
				ENABLE_TESTABILITY = YES;
				GCC_C_LANGUAGE_STANDARD = gnu11;
				GCC_DYNAMIC_NO_PIC = NO;
				GCC_NO_COMMON_BLOCKS = YES;
				GCC_OPTIMIZATION_LEVEL = 0;
				GCC_PREPROCESSOR_DEFINITIONS = (
					"DEBUG=1",
					"$(inherited)",
				);
				GCC_WARN_64_TO_32_BIT_CONVERSION = YES;
				GCC_WARN_ABOUT_RETURN_TYPE = YES_ERROR;
				GCC_WARN_UNDECLARED_SELECTOR = YES;
				GCC_WARN_UNINITIALIZED_AUTOS = YES_AGGRESSIVE;
				GCC_WARN_UNUSED_FUNCTION = YES;
				GCC_WARN_UNUSED_VARIABLE = YES;
				MTL_ENABLE_DEBUG_INFO = INCLUDE_SOURCE;
				MTL_FAST_MATH = YES;
				ONLY_ACTIVE_ARCH = YES;
				SWIFT_ACTIVE_COMPILATION_CONDITIONS = DEBUG;
				SWIFT_OPTIMIZATION_LEVEL = "-Onone";
			};
			name = Debug;
		};
		8173895926C40E32003A6722 /* Release */ = {
			isa = XCBuildConfiguration;
			buildSettings = {
				ALWAYS_SEARCH_USER_PATHS = NO;
				CLANG_ANALYZER_NONNULL = YES;
				CLANG_ANALYZER_NUMBER_OBJECT_CONVERSION = YES_AGGRESSIVE;
				CLANG_CXX_LANGUAGE_STANDARD = "gnu++14";
				CLANG_CXX_LIBRARY = "libc++";
				CLANG_ENABLE_MODULES = YES;
				CLANG_ENABLE_OBJC_ARC = YES;
				CLANG_ENABLE_OBJC_WEAK = YES;
				CLANG_WARN_BLOCK_CAPTURE_AUTORELEASING = YES;
				CLANG_WARN_BOOL_CONVERSION = YES;
				CLANG_WARN_COMMA = YES;
				CLANG_WARN_CONSTANT_CONVERSION = YES;
				CLANG_WARN_DEPRECATED_OBJC_IMPLEMENTATIONS = YES;
				CLANG_WARN_DIRECT_OBJC_ISA_USAGE = YES_ERROR;
				CLANG_WARN_DOCUMENTATION_COMMENTS = YES;
				CLANG_WARN_EMPTY_BODY = YES;
				CLANG_WARN_ENUM_CONVERSION = YES;
				CLANG_WARN_INFINITE_RECURSION = YES;
				CLANG_WARN_INT_CONVERSION = YES;
				CLANG_WARN_NON_LITERAL_NULL_CONVERSION = YES;
				CLANG_WARN_OBJC_IMPLICIT_RETAIN_SELF = YES;
				CLANG_WARN_OBJC_LITERAL_CONVERSION = YES;
				CLANG_WARN_OBJC_ROOT_CLASS = YES_ERROR;
				CLANG_WARN_QUOTED_INCLUDE_IN_FRAMEWORK_HEADER = YES;
				CLANG_WARN_RANGE_LOOP_ANALYSIS = YES;
				CLANG_WARN_STRICT_PROTOTYPES = YES;
				CLANG_WARN_SUSPICIOUS_MOVE = YES;
				CLANG_WARN_UNGUARDED_AVAILABILITY = YES_AGGRESSIVE;
				CLANG_WARN_UNREACHABLE_CODE = YES;
				CLANG_WARN__DUPLICATE_METHOD_MATCH = YES;
				COPY_PHASE_STRIP = NO;
				DEBUG_INFORMATION_FORMAT = "dwarf-with-dsym";
				ENABLE_NS_ASSERTIONS = NO;
				ENABLE_STRICT_OBJC_MSGSEND = YES;
				GCC_C_LANGUAGE_STANDARD = gnu11;
				GCC_NO_COMMON_BLOCKS = YES;
				GCC_WARN_64_TO_32_BIT_CONVERSION = YES;
				GCC_WARN_ABOUT_RETURN_TYPE = YES_ERROR;
				GCC_WARN_UNDECLARED_SELECTOR = YES;
				GCC_WARN_UNINITIALIZED_AUTOS = YES_AGGRESSIVE;
				GCC_WARN_UNUSED_FUNCTION = YES;
				GCC_WARN_UNUSED_VARIABLE = YES;
				MTL_ENABLE_DEBUG_INFO = NO;
				MTL_FAST_MATH = YES;
				SWIFT_COMPILATION_MODE = wholemodule;
				SWIFT_OPTIMIZATION_LEVEL = "-O";
			};
			name = Release;
		};
		8173895B26C40E32003A6722 /* Debug */ = {
			isa = XCBuildConfiguration;
			buildSettings = {
				ASSETCATALOG_COMPILER_APPICON_NAME = AppIcon;
				ASSETCATALOG_COMPILER_GLOBAL_ACCENT_COLOR_NAME = AccentColor;
				CODE_SIGN_STYLE = Automatic;
				DEVELOPMENT_TEAM = 6Y9C574C9M;
				ENABLE_PREVIEWS = YES;
				INFOPLIST_FILE = iOS/Info.plist;
				IPHONEOS_DEPLOYMENT_TARGET = 14.0;
				LD_RUNPATH_SEARCH_PATHS = (
					"$(inherited)",
					"@executable_path/Frameworks",
				);
				PRODUCT_BUNDLE_IDENTIFIER = com.hotky.PuppySleepTracker;
				PRODUCT_NAME = PuppySleepTracker;
				SDKROOT = iphoneos;
				SWIFT_VERSION = 5.0;
				TARGETED_DEVICE_FAMILY = "1,2";
			};
			name = Debug;
		};
		8173895C26C40E32003A6722 /* Release */ = {
			isa = XCBuildConfiguration;
			buildSettings = {
				ASSETCATALOG_COMPILER_APPICON_NAME = AppIcon;
				ASSETCATALOG_COMPILER_GLOBAL_ACCENT_COLOR_NAME = AccentColor;
				CODE_SIGN_STYLE = Automatic;
				DEVELOPMENT_TEAM = 6Y9C574C9M;
				ENABLE_PREVIEWS = YES;
				INFOPLIST_FILE = iOS/Info.plist;
				IPHONEOS_DEPLOYMENT_TARGET = 14.0;
				LD_RUNPATH_SEARCH_PATHS = (
					"$(inherited)",
					"@executable_path/Frameworks",
				);
				PRODUCT_BUNDLE_IDENTIFIER = com.hotky.PuppySleepTracker;
				PRODUCT_NAME = PuppySleepTracker;
				SDKROOT = iphoneos;
				SWIFT_VERSION = 5.0;
				TARGETED_DEVICE_FAMILY = "1,2";
				VALIDATE_PRODUCT = YES;
			};
			name = Release;
		};
		8173895E26C40E32003A6722 /* Debug */ = {
			isa = XCBuildConfiguration;
			buildSettings = {
				ASSETCATALOG_COMPILER_APPICON_NAME = AppIcon;
				ASSETCATALOG_COMPILER_GLOBAL_ACCENT_COLOR_NAME = AccentColor;
				CODE_SIGN_ENTITLEMENTS = macOS/macOS.entitlements;
				CODE_SIGN_STYLE = Automatic;
				COMBINE_HIDPI_IMAGES = YES;
				DEVELOPMENT_TEAM = 6Y9C574C9M;
				ENABLE_HARDENED_RUNTIME = YES;
				ENABLE_PREVIEWS = YES;
				INFOPLIST_FILE = macOS/Info.plist;
				LD_RUNPATH_SEARCH_PATHS = (
					"$(inherited)",
					"@executable_path/../Frameworks",
				);
				MACOSX_DEPLOYMENT_TARGET = 11.0;
				PRODUCT_BUNDLE_IDENTIFIER = com.hotky.PuppySleepTracker;
				PRODUCT_NAME = PuppySleepTracker;
				SDKROOT = macosx;
				SWIFT_VERSION = 5.0;
			};
			name = Debug;
		};
		8173895F26C40E32003A6722 /* Release */ = {
			isa = XCBuildConfiguration;
			buildSettings = {
				ASSETCATALOG_COMPILER_APPICON_NAME = AppIcon;
				ASSETCATALOG_COMPILER_GLOBAL_ACCENT_COLOR_NAME = AccentColor;
				CODE_SIGN_ENTITLEMENTS = macOS/macOS.entitlements;
				CODE_SIGN_STYLE = Automatic;
				COMBINE_HIDPI_IMAGES = YES;
				DEVELOPMENT_TEAM = 6Y9C574C9M;
				ENABLE_HARDENED_RUNTIME = YES;
				ENABLE_PREVIEWS = YES;
				INFOPLIST_FILE = macOS/Info.plist;
				LD_RUNPATH_SEARCH_PATHS = (
					"$(inherited)",
					"@executable_path/../Frameworks",
				);
				MACOSX_DEPLOYMENT_TARGET = 11.0;
				PRODUCT_BUNDLE_IDENTIFIER = com.hotky.PuppySleepTracker;
				PRODUCT_NAME = PuppySleepTracker;
				SDKROOT = macosx;
				SWIFT_VERSION = 5.0;
			};
			name = Release;
		};
/* End XCBuildConfiguration section */

/* Begin XCConfigurationList section */
		8173893626C40E30003A6722 /* Build configuration list for PBXProject "PuppySleepTracker" */ = {
			isa = XCConfigurationList;
			buildConfigurations = (
				8173895826C40E32003A6722 /* Debug */,
				8173895926C40E32003A6722 /* Release */,
			);
			defaultConfigurationIsVisible = 0;
			defaultConfigurationName = Release;
		};
		8173895A26C40E32003A6722 /* Build configuration list for PBXNativeTarget "PuppySleepTracker (iOS)" */ = {
			isa = XCConfigurationList;
			buildConfigurations = (
				8173895B26C40E32003A6722 /* Debug */,
				8173895C26C40E32003A6722 /* Release */,
			);
			defaultConfigurationIsVisible = 0;
			defaultConfigurationName = Release;
		};
		8173895D26C40E32003A6722 /* Build configuration list for PBXNativeTarget "PuppySleepTracker (macOS)" */ = {
			isa = XCConfigurationList;
			buildConfigurations = (
				8173895E26C40E32003A6722 /* Debug */,
				8173895F26C40E32003A6722 /* Release */,
			);
			defaultConfigurationIsVisible = 0;
			defaultConfigurationName = Release;
		};
/* End XCConfigurationList section */

/* Begin XCVersionGroup section */
		8173893826C40E30003A6722 /* PuppySleepTracker.xcdatamodeld */ = {
			isa = XCVersionGroup;
			children = (
				8173893926C40E30003A6722 /* Shared.xcdatamodel */,
			);
			currentVersion = 8173893926C40E30003A6722 /* Shared.xcdatamodel */;
			path = PuppySleepTracker.xcdatamodeld;
			sourceTree = "<group>";
			versionGroupType = wrapper.xcdatamodel;
		};
/* End XCVersionGroup section */
	};
	rootObject = 8173893326C40E30003A6722 /* Project object */;
}
